GEM
  remote: https://rubygems.org/
  specs:
    base64 (0.3.0)
    bigdecimal (4.0.1)
    google-protobuf (4.34.0)
      bigdecimal
      rake (~> 13.3)
    google-protobuf (4.34.0-arm64-darwin)
      bigdecimal
      rake (~> 13.3)
    googleapis-common-protos-types (1.22.0)
      google-protobuf (~> 4.26)
    grpc (1.78.1)
      google-protobuf (>= 3.25, < 5.0)
      googleapis-common-protos-types (~> 1.0)
    grpc (1.78.1-arm64-darwin)
      google-protobuf (>= 3.25, < 5.0)
      googleapis-common-protos-types (~> 1.0)
    minitest (5.27.0)
    rake (13.3.1)

PLATFORMS
  arm64-darwin
  ruby

DEPENDENCIES
  base64
  grpc (~> 1.58)
  minitest (~> 5.25)
  rake (~> 13.2)

CHECKSUMS
  base64 (0.3.0) sha256=27337aeabad6ffae05c265c450490628ef3ebd4b67be58257393227588f5a97b
  bigdecimal (4.0.1) sha256=8b07d3d065a9f921c80ceaea7c9d4ae596697295b584c296fe599dd0ad01c4a7
  google-protobuf (4.34.0) sha256=bffaea30fbe2807c80667a78953b15645b3bef62b25c10ca187e4418119be531
  google-protobuf (4.34.0-arm64-darwin) sha256=f83967a8095a9da676b79ba372c58fef2ca3878428bd40febfce65b3752c90d1
  googleapis-common-protos-types (1.22.0) sha256=f97492b77bd6da0018c860d5004f512fe7cd165554d7019a8f4df6a56fbfc4c7
  grpc (1.78.1) sha256=c9e8a54cf901263c25c1e17af116f9145fbfdf4b69931234581b0be2059f6758
  grpc (1.78.1-arm64-darwin) sha256=7378b58db8dc65b19dce8006a47c0da30f1faf5d07160d2e1816c31126d3a388
  minitest (5.27.0) sha256=2d3b17f8a36fe7801c1adcffdbc38233b938eb0b4966e97a6739055a45fa77d5
  rake (13.3.1) sha256=8c9e89d09f66a26a01264e7e3480ec0607f0c497a861ef16063604b1b08eb19c

BUNDLED WITH
  4.0.8
