
Microsoft Visual Studio Solution File, Format Version 12.00
# Visual Studio Version 17
VisualStudioVersion = 17.0.31903.59
MinimumVisualStudioVersion = 10.0.40219.1
Project("{FAE04EC0-301F-11D3-BF4B-00C04F79EFBC}") = "HelloWorld", "HelloWorld\HelloWorld.csproj", "{C8130BFC-1A0B-4217-B60D-A7E27D93F113}"
EndProject
Project("{FAE04EC0-301F-11D3-BF4B-00C04F79EFBC}") = "HelloWorld.Tests", "HelloWorld.Tests\HelloWorld.Tests.csproj", "{ACFFDEFF-97B2-4468-9B68-5B14F792492B}"
EndProject
Global
	GlobalSection(SolutionConfigurationPlatforms) = preSolution
		Debug|Any CPU = Debug|Any CPU
		Release|Any CPU = Release|Any CPU
	EndGlobalSection
	GlobalSection(SolutionProperties) = preSolution
		HideSolutionNode = FALSE
	EndGlobalSection
	GlobalSection(ProjectConfigurationPlatforms) = postSolution
		{C8130BFC-1A0B-4217-B60D-A7E27D93F113}.Debug|Any CPU.ActiveCfg = Debug|Any CPU
		{C8130BFC-1A0B-4217-B60D-A7E27D93F113}.Debug|Any CPU.Build.0 = Debug|Any CPU
		{C8130BFC-1A0B-4217-B60D-A7E27D93F113}.Release|Any CPU.ActiveCfg = Release|Any CPU
		{C8130BFC-1A0B-4217-B60D-A7E27D93F113}.Release|Any CPU.Build.0 = Release|Any CPU
		{ACFFDEFF-97B2-4468-9B68-5B14F792492B}.Debug|Any CPU.ActiveCfg = Debug|Any CPU
		{ACFFDEFF-97B2-4468-9B68-5B14F792492B}.Debug|Any CPU.Build.0 = Debug|Any CPU
		{ACFFDEFF-97B2-4468-9B68-5B14F792492B}.Release|Any CPU.ActiveCfg = Release|Any CPU
		{ACFFDEFF-97B2-4468-9B68-5B14F792492B}.Release|Any CPU.Build.0 = Release|Any CPU
	EndGlobalSection
EndGlobal
